{
  "socketPath": "/tmp/mcp-DBs8xv/mcp.sock",
  "scheme": "unix",
  "headers": {
    "Authorization": "Nonce 9218690c-6c43-440f-b44c-f3d04f0248fb"
  },
  "pid": 12430,
  "ideName": "Visual Studio Code",
  "timestamp": 1772206401890,
  "workspaceFolders": [
    "/teamspace/studios/this_studio"
  ],
  "isTrusted": true
}